
Microsoft Visual Studio Solution File, Format Version 12.00
# Visual Studio 15
VisualStudioVersion = 15.0.26124.0
MinimumVisualStudioVersion = 15.0.26124.0
Project("{FAE04EC0-301F-11D3-BF4B-00C04F79EFBC}") = "EventHorizon.Game.Server.Zone", "src\EventHorizon.Game.Server.Zone.csproj", "{7E629185-F420-4254-9262-63E7F9B99264}"
EndProject
Project("{2150E333-8FDC-42A3-9474-1A3956D46DE8}") = "test", "test", "{2BB0A5AA-3B28-46E0-A25C-D8CAF15B3816}"
EndProject
Project("{FAE04EC0-301F-11D3-BF4B-00C04F79EFBC}") = "EventHorizon.Game.Server.Zone.Tests", "test\EventHorizon.Game.Server.Zone.Tests.csproj", "{856D5F7F-9DD9-42BE-8B21-C25E57230D28}"
EndProject
Global
	GlobalSection(SolutionConfigurationPlatforms) = preSolution
		Debug|Any CPU = Debug|Any CPU
		Debug|x64 = Debug|x64
		Debug|x86 = Debug|x86
		Release|Any CPU = Release|Any CPU
		Release|x64 = Release|x64
		Release|x86 = Release|x86
	EndGlobalSection
	GlobalSection(SolutionProperties) = preSolution
		HideSolutionNode = FALSE
	EndGlobalSection
	GlobalSection(ProjectConfigurationPlatforms) = postSolution
		{7E629185-F420-4254-9262-63E7F9B99264}.Debug|Any CPU.ActiveCfg = Debug|Any CPU
		{7E629185-F420-4254-9262-63E7F9B99264}.Debug|Any CPU.Build.0 = Debug|Any CPU
		{7E629185-F420-4254-9262-63E7F9B99264}.Debug|x64.ActiveCfg = Debug|Any CPU
		{7E629185-F420-4254-9262-63E7F9B99264}.Debug|x64.Build.0 = Debug|Any CPU
		{7E629185-F420-4254-9262-63E7F9B99264}.Debug|x86.ActiveCfg = Debug|Any CPU
		{7E629185-F420-4254-9262-63E7F9B99264}.Debug|x86.Build.0 = Debug|Any CPU
		{7E629185-F420-4254-9262-63E7F9B99264}.Release|Any CPU.ActiveCfg = Release|Any CPU
		{7E629185-F420-4254-9262-63E7F9B99264}.Release|Any CPU.Build.0 = Release|Any CPU
		{7E629185-F420-4254-9262-63E7F9B99264}.Release|x64.ActiveCfg = Release|Any CPU
		{7E629185-F420-4254-9262-63E7F9B99264}.Release|x64.Build.0 = Release|Any CPU
		{7E629185-F420-4254-9262-63E7F9B99264}.Release|x86.ActiveCfg = Release|Any CPU
		{7E629185-F420-4254-9262-63E7F9B99264}.Release|x86.Build.0 = Release|Any CPU
		{856D5F7F-9DD9-42BE-8B21-C25E57230D28}.Debug|Any CPU.ActiveCfg = Debug|Any CPU
		{856D5F7F-9DD9-42BE-8B21-C25E57230D28}.Debug|Any CPU.Build.0 = Debug|Any CPU
		{856D5F7F-9DD9-42BE-8B21-C25E57230D28}.Debug|x64.ActiveCfg = Debug|Any CPU
		{856D5F7F-9DD9-42BE-8B21-C25E57230D28}.Debug|x64.Build.0 = Debug|Any CPU
		{856D5F7F-9DD9-42BE-8B21-C25E57230D28}.Debug|x86.ActiveCfg = Debug|Any CPU
		{856D5F7F-9DD9-42BE-8B21-C25E57230D28}.Debug|x86.Build.0 = Debug|Any CPU
		{856D5F7F-9DD9-42BE-8B21-C25E57230D28}.Release|Any CPU.ActiveCfg = Release|Any CPU
		{856D5F7F-9DD9-42BE-8B21-C25E57230D28}.Release|Any CPU.Build.0 = Release|Any CPU
		{856D5F7F-9DD9-42BE-8B21-C25E57230D28}.Release|x64.ActiveCfg = Release|Any CPU
		{856D5F7F-9DD9-42BE-8B21-C25E57230D28}.Release|x64.Build.0 = Release|Any CPU
		{856D5F7F-9DD9-42BE-8B21-C25E57230D28}.Release|x86.ActiveCfg = Release|Any CPU
		{856D5F7F-9DD9-42BE-8B21-C25E57230D28}.Release|x86.Build.0 = Release|Any CPU
	EndGlobalSection
	GlobalSection(NestedProjects) = preSolution
		{856D5F7F-9DD9-42BE-8B21-C25E57230D28} = {2BB0A5AA-3B28-46E0-A25C-D8CAF15B3816}
	EndGlobalSection
EndGlobal
