
Microsoft Visual Studio Solution File, Format Version 12.00
# Visual Studio 15
VisualStudioVersion = 15.0.26124.0
MinimumVisualStudioVersion = 15.0.26124.0
Project("{2150E333-8FDC-42A3-9474-1A3956D46DE8}") = "src", "src", "{FE232CB9-E002-4898-9117-E3162928E341}"
EndProject
Project("{FAE04EC0-301F-11D3-BF4B-00C04F79EFBC}") = "EventHorizon.Game.Server.Zone", "src\EventHorizon.Game.Server.Zone\EventHorizon.Game.Server.Zone.csproj", "{750FCC6E-CADE-4A57-83A5-3C89F9BCCFAE}"
EndProject
Project("{2150E333-8FDC-42A3-9474-1A3956D46DE8}") = "test", "test", "{E21217AB-FD81-4F4D-8391-04C5DED1D324}"
EndProject
Project("{FAE04EC0-301F-11D3-BF4B-00C04F79EFBC}") = "EventHorizon.Game.Server.Zone.Tests", "test\EventHorizon.Game.Server.Zone.Tests\EventHorizon.Game.Server.Zone.Tests.csproj", "{1BC6418A-D9D8-4092-AAAD-E77F0A35E9FB}"
EndProject
Global
	GlobalSection(SolutionConfigurationPlatforms) = preSolution
		Debug|Any CPU = Debug|Any CPU
		Debug|x64 = Debug|x64
		Debug|x86 = Debug|x86
		Release|Any CPU = Release|Any CPU
		Release|x64 = Release|x64
		Release|x86 = Release|x86
	EndGlobalSection
	GlobalSection(SolutionProperties) = preSolution
		HideSolutionNode = FALSE
	EndGlobalSection
	GlobalSection(ProjectConfigurationPlatforms) = postSolution
		{750FCC6E-CADE-4A57-83A5-3C89F9BCCFAE}.Debug|Any CPU.ActiveCfg = Debug|Any CPU
		{750FCC6E-CADE-4A57-83A5-3C89F9BCCFAE}.Debug|Any CPU.Build.0 = Debug|Any CPU
		{750FCC6E-CADE-4A57-83A5-3C89F9BCCFAE}.Debug|x64.ActiveCfg = Debug|Any CPU
		{750FCC6E-CADE-4A57-83A5-3C89F9BCCFAE}.Debug|x64.Build.0 = Debug|Any CPU
		{750FCC6E-CADE-4A57-83A5-3C89F9BCCFAE}.Debug|x86.ActiveCfg = Debug|Any CPU
		{750FCC6E-CADE-4A57-83A5-3C89F9BCCFAE}.Debug|x86.Build.0 = Debug|Any CPU
		{750FCC6E-CADE-4A57-83A5-3C89F9BCCFAE}.Release|Any CPU.ActiveCfg = Release|Any CPU
		{750FCC6E-CADE-4A57-83A5-3C89F9BCCFAE}.Release|Any CPU.Build.0 = Release|Any CPU
		{750FCC6E-CADE-4A57-83A5-3C89F9BCCFAE}.Release|x64.ActiveCfg = Release|Any CPU
		{750FCC6E-CADE-4A57-83A5-3C89F9BCCFAE}.Release|x64.Build.0 = Release|Any CPU
		{750FCC6E-CADE-4A57-83A5-3C89F9BCCFAE}.Release|x86.ActiveCfg = Release|Any CPU
		{750FCC6E-CADE-4A57-83A5-3C89F9BCCFAE}.Release|x86.Build.0 = Release|Any CPU
		{1BC6418A-D9D8-4092-AAAD-E77F0A35E9FB}.Debug|Any CPU.ActiveCfg = Debug|Any CPU
		{1BC6418A-D9D8-4092-AAAD-E77F0A35E9FB}.Debug|Any CPU.Build.0 = Debug|Any CPU
		{1BC6418A-D9D8-4092-AAAD-E77F0A35E9FB}.Debug|x64.ActiveCfg = Debug|Any CPU
		{1BC6418A-D9D8-4092-AAAD-E77F0A35E9FB}.Debug|x64.Build.0 = Debug|Any CPU
		{1BC6418A-D9D8-4092-AAAD-E77F0A35E9FB}.Debug|x86.ActiveCfg = Debug|Any CPU
		{1BC6418A-D9D8-4092-AAAD-E77F0A35E9FB}.Debug|x86.Build.0 = Debug|Any CPU
		{1BC6418A-D9D8-4092-AAAD-E77F0A35E9FB}.Release|Any CPU.ActiveCfg = Release|Any CPU
		{1BC6418A-D9D8-4092-AAAD-E77F0A35E9FB}.Release|Any CPU.Build.0 = Release|Any CPU
		{1BC6418A-D9D8-4092-AAAD-E77F0A35E9FB}.Release|x64.ActiveCfg = Release|Any CPU
		{1BC6418A-D9D8-4092-AAAD-E77F0A35E9FB}.Release|x64.Build.0 = Release|Any CPU
		{1BC6418A-D9D8-4092-AAAD-E77F0A35E9FB}.Release|x86.ActiveCfg = Release|Any CPU
		{1BC6418A-D9D8-4092-AAAD-E77F0A35E9FB}.Release|x86.Build.0 = Release|Any CPU
	EndGlobalSection
	GlobalSection(NestedProjects) = preSolution
		{750FCC6E-CADE-4A57-83A5-3C89F9BCCFAE} = {FE232CB9-E002-4898-9117-E3162928E341}
		{1BC6418A-D9D8-4092-AAAD-E77F0A35E9FB} = {E21217AB-FD81-4F4D-8391-04C5DED1D324}
	EndGlobalSection
EndGlobal
